// !$*UTF8*$!
{
	archiveVersion = 1;
	classes = {
	};
	objectVersion = 46;
	objects = {

/* Begin PBXBuildFile section */
		5EB3B5AD1C71E9FC009CDE69 /* AppDelegate.swift in Sources */ = {isa = PBXBuildFile; fileRef = 5EB3B5AC1C71E9FC009CDE69 /* AppDelegate.swift */; };
		5EB3B5AF1C71E9FC009CDE69 /* ViewController.swift in Sources */ = {isa = PBXBuildFile; fileRef = 5EB3B5AE1C71E9FC009CDE69 /* ViewController.swift */; };
		5EB3B5B21C71E9FC009CDE69 /* Main.storyboard in Resources */ = {isa = PBXBuildFile; fileRef = 5EB3B5B01C71E9FC009CDE69 /* Main.storyboard */; };
		5EB3B5B41C71E9FC009CDE69 /* Images.xcassets in Resources */ = {isa = PBXBuildFile; fileRef = 5EB3B5B31C71E9FC009CDE69 /* Images.xcassets */; };
		5EB3B5B71C71E9FC009CDE69 /* LaunchScreen.xib in Resources */ = {isa = PBXBuildFile; fileRef = 5EB3B5B51C71E9FC009CDE69 /* LaunchScreen.xib */; };
		5EB3B5C31C71E9FC009CDE69 /* Keyboard_ControllerTests.swift in Sources */ = {isa = PBXBuildFile; fileRef = 5EB3B5C21C71E9FC009CDE69 /* Keyboard_ControllerTests.swift */; };
/* End PBXBuildFile section */

/* Begin PBXContainerItemProxy section */
		5EB3B5BD1C71E9FC009CDE69 /* PBXContainerItemProxy */ = {
			isa = PBXContainerItemProxy;
			containerPortal = 5EB3B59F1C71E9FB009CDE69 /* Project object */;
			proxyType = 1;
			remoteGlobalIDString = 5EB3B5A61C71E9FB009CDE69;
			remoteInfo = "Keyboard Controller";
		};
/* End PBXContainerItemProxy section */

/* Begin PBXFileReference section */
		5EB3B5A71C71E9FB009CDE69 /* Keyboard Controller.app */ = {isa = PBXFileReference; explicitFileType = wrapper.application; includeInIndex = 0; path = "Keyboard Controller.app"; sourceTree = BUILT_PRODUCTS_DIR; };
		5EB3B5AB1C71E9FC009CDE69 /* Info.plist */ = {isa = PBXFileReference; lastKnownFileType = text.plist.xml; path = Info.plist; sourceTree = "<group>"; };
		5EB3B5AC1C71E9FC009CDE69 /* AppDelegate.swift */ = {isa = PBXFileReference; lastKnownFileType = sourcecode.swift; path = AppDelegate.swift; sourceTree = "<group>"; };
		5EB3B5AE1C71E9FC009CDE69 /* ViewController.swift */ = {isa = PBXFileReference; lastKnownFileType = sourcecode.swift; path = ViewController.swift; sourceTree = "<group>"; };
		5EB3B5B11C71E9FC009CDE69 /* Base */ = {isa = PBXFileReference; lastKnownFileType = file.storyboard; name = Base; path = Base.lproj/Main.storyboard; sourceTree = "<group>"; };
		5EB3B5B31C71E9FC009CDE69 /* Images.xcassets */ = {isa = PBXFileReference; lastKnownFileType = folder.assetcatalog; path = Images.xcassets; sourceTree = "<group>"; };
		5EB3B5B61C71E9FC009CDE69 /* Base */ = {isa = PBXFileReference; lastKnownFileType = file.xib; name = Base; path = Base.lproj/LaunchScreen.xib; sourceTree = "<group>"; };
		5EB3B5BC1C71E9FC009CDE69 /* Keyboard ControllerTests.xctest */ = {isa = PBXFileReference; explicitFileType = wrapper.cfbundle; includeInIndex = 0; path = "Keyboard ControllerTests.xctest"; sourceTree = BUILT_PRODUCTS_DIR; };
		5EB3B5C11C71E9FC009CDE69 /* Info.plist */ = {isa = PBXFileReference; lastKnownFileType = text.plist.xml; path = Info.plist; sourceTree = "<group>"; };
		5EB3B5C21C71E9FC009CDE69 /* Keyboard_ControllerTests.swift */ = {isa = PBXFileReference; lastKnownFileType = sourcecode.swift; path = Keyboard_ControllerTests.swift; sourceTree = "<group>"; };
/* End PBXFileReference section */

/* Begin PBXFrameworksBuildPhase section */
		5EB3B5A41C71E9FB009CDE69 /* Frameworks */ = {
			isa = PBXFrameworksBuildPhase;
			buildActionMask = 2147483647;
			files = (
			);
			runOnlyForDeploymentPostprocessing = 0;
		};
		5EB3B5B91C71E9FC009CDE69 /* Frameworks */ = {
			isa = PBXFrameworksBuildPhase;
			buildActionMask = 2147483647;
			files = (
			);
			runOnlyForDeploymentPostprocessing = 0;
		};
/* End PBXFrameworksBuildPhase section */

/* Begin PBXGroup section */
		5EB3B59E1C71E9FB009CDE69 = {
			isa = PBXGroup;
			children = (
				5EB3B5A91C71E9FB009CDE69 /* Keyboard Controller */,
				5EB3B5BF1C71E9FC009CDE69 /* Keyboard ControllerTests */,
				5EB3B5A81C71E9FB009CDE69 /* Products */,
			);
			sourceTree = "<group>";
		};
		5EB3B5A81C71E9FB009CDE69 /* Products */ = {
			isa = PBXGroup;
			children = (
				5EB3B5A71C71E9FB009CDE69 /* Keyboard Controller.app */,
				5EB3B5BC1C71E9FC009CDE69 /* Keyboard ControllerTests.xctest */,
			);
			name = Products;
			sourceTree = "<group>";
		};
		5EB3B5A91C71E9FB009CDE69 /* Keyboard Controller */ = {
			isa = PBXGroup;
			children = (
				5EB3B5AC1C71E9FC009CDE69 /* AppDelegate.swift */,
				5EB3B5AE1C71E9FC009CDE69 /* ViewController.swift */,
				5EB3B5B01C71E9FC009CDE69 /* Main.storyboard */,
				5EB3B5B31C71E9FC009CDE69 /* Images.xcassets */,
				5EB3B5B51C71E9FC009CDE69 /* LaunchScreen.xib */,
				5EB3B5AA1C71E9FC009CDE69 /* Supporting Files */,
			);
			path = "Keyboard Controller";
			sourceTree = "<group>";
		};
		5EB3B5AA1C71E9FC009CDE69 /* Supporting Files */ = {
			isa = PBXGroup;
			children = (
				5EB3B5AB1C71E9FC009CDE69 /* Info.plist */,
			);
			name = "Supporting Files";
			sourceTree = "<group>";
		};
		5EB3B5BF1C71E9FC009CDE69 /* Keyboard ControllerTests */ = {
			isa = PBXGroup;
			children = (
				5EB3B5C21C71E9FC009CDE69 /* Keyboard_ControllerTests.swift */,
				5EB3B5C01C71E9FC009CDE69 /* Supporting Files */,
			);
			path = "Keyboard ControllerTests";
			sourceTree = "<group>";
		};
		5EB3B5C01C71E9FC009CDE69 /* Supporting Files */ = {
			isa = PBXGroup;
			children = (
				5EB3B5C11C71E9FC009CDE69 /* Info.plist */,
			);
			name = "Supporting Files";
			sourceTree = "<group>";
		};
/* End PBXGroup section */

/* Begin PBXNativeTarget section */
		5EB3B5A61C71E9FB009CDE69 /* Keyboard Controller */ = {
			isa = PBXNativeTarget;
			buildConfigurationList = 5EB3B5C61C71E9FC009CDE69 /* Build configuration list for PBXNativeTarget "Keyboard Controller" */;
			buildPhases = (
				5EB3B5A31C71E9FB009CDE69 /* Sources */,
				5EB3B5A41C71E9FB009CDE69 /* Frameworks */,
				5EB3B5A51C71E9FB009CDE69 /* Resources */,
			);
			buildRules = (
			);
			dependencies = (
			);
			name = "Keyboard Controller";
			productName = "Keyboard Controller";
			productReference = 5EB3B5A71C71E9FB009CDE69 /* Keyboard Controller.app */;
			productType = "com.apple.product-type.application";
		};
		5EB3B5BB1C71E9FC009CDE69 /* Keyboard ControllerTests */ = {
			isa = PBXNativeTarget;
			buildConfigurationList = 5EB3B5C91C71E9FC009CDE69 /* Build configuration list for PBXNativeTarget "Keyboard ControllerTests" */;
			buildPhases = (
				5EB3B5B81C71E9FC009CDE69 /* Sources */,
				5EB3B5B91C71E9FC009CDE69 /* Frameworks */,
				5EB3B5BA1C71E9FC009CDE69 /* Resources */,
			);
			buildRules = (
			);
			dependencies = (
				5EB3B5BE1C71E9FC009CDE69 /* PBXTargetDependency */,
			);
			name = "Keyboard ControllerTests";
			productName = "Keyboard ControllerTests";
			productReference = 5EB3B5BC1C71E9FC009CDE69 /* Keyboard ControllerTests.xctest */;
			productType = "com.apple.product-type.bundle.unit-test";
		};
/* End PBXNativeTarget section */

/* Begin PBXProject section */
		5EB3B59F1C71E9FB009CDE69 /* Project object */ = {
			isa = PBXProject;
			attributes = {
				LastUpgradeCheck = 0600;
				ORGANIZATIONNAME = SaturnMob;
				TargetAttributes = {
					5EB3B5A61C71E9FB009CDE69 = {
						CreatedOnToolsVersion = 6.0;
					};
					5EB3B5BB1C71E9FC009CDE69 = {
						CreatedOnToolsVersion = 6.0;
						TestTargetID = 5EB3B5A61C71E9FB009CDE69;
					};
				};
			};
			buildConfigurationList = 5EB3B5A21C71E9FB009CDE69 /* Build configuration list for PBXProject "Keyboard Controller" */;
			compatibilityVersion = "Xcode 3.2";
			developmentRegion = English;
			hasScannedForEncodings = 0;
			knownRegions = (
				en,
				Base,
			);
			mainGroup = 5EB3B59E1C71E9FB009CDE69;
			productRefGroup = 5EB3B5A81C71E9FB009CDE69 /* Products */;
			projectDirPath = "";
			projectRoot = "";
			targets = (
				5EB3B5A61C71E9FB009CDE69 /* Keyboard Controller */,
				5EB3B5BB1C71E9FC009CDE69 /* Keyboard ControllerTests */,
			);
		};
/* End PBXProject section */

/* Begin PBXResourcesBuildPhase section */
		5EB3B5A51C71E9FB009CDE69 /* Resources */ = {
			isa = PBXResourcesBuildPhase;
			buildActionMask = 2147483647;
			files = (
				5EB3B5B21C71E9FC009CDE69 /* Main.storyboard in Resources */,
				5EB3B5B71C71E9FC009CDE69 /* LaunchScreen.xib in Resources */,
				5EB3B5B41C71E9FC009CDE69 /* Images.xcassets in Resources */,
			);
			runOnlyForDeploymentPostprocessing = 0;
		};
		5EB3B5BA1C71E9FC009CDE69 /* Resources */ = {
			isa = PBXResourcesBuildPhase;
			buildActionMask = 2147483647;
			files = (
			);
			runOnlyForDeploymentPostprocessing = 0;
		};
/* End PBXResourcesBuildPhase section */

/* Begin PBXSourcesBuildPhase section */
		5EB3B5A31C71E9FB009CDE69 /* Sources */ = {
			isa = PBXSourcesBuildPhase;
			buildActionMask = 2147483647;
			files = (
				5EB3B5AF1C71E9FC009CDE69 /* ViewController.swift in Sources */,
				5EB3B5AD1C71E9FC009CDE69 /* AppDelegate.swift in Sources */,
			);
			runOnlyForDeploymentPostprocessing = 0;
		};
		5EB3B5B81C71E9FC009CDE69 /* Sources */ = {
			isa = PBXSourcesBuildPhase;
			buildActionMask = 2147483647;
			files = (
				5EB3B5C31C71E9FC009CDE69 /* Keyboard_ControllerTests.swift in Sources */,
			);
			runOnlyForDeploymentPostprocessing = 0;
		};
/* End PBXSourcesBuildPhase section */

/* Begin PBXTargetDependency section */
		5EB3B5BE1C71E9FC009CDE69 /* PBXTargetDependency */ = {
			isa = PBXTargetDependency;
			target = 5EB3B5A61C71E9FB009CDE69 /* Keyboard Controller */;
			targetProxy = 5EB3B5BD1C71E9FC009CDE69 /* PBXContainerItemProxy */;
		};
/* End PBXTargetDependency section */

/* Begin PBXVariantGroup section */
		5EB3B5B01C71E9FC009CDE69 /* Main.storyboard */ = {
			isa = PBXVariantGroup;
			children = (
				5EB3B5B11C71E9FC009CDE69 /* Base */,
			);
			name = Main.storyboard;
			sourceTree = "<group>";
		};
		5EB3B5B51C71E9FC009CDE69 /* LaunchScreen.xib */ = {
			isa = PBXVariantGroup;
			children = (
				5EB3B5B61C71E9FC009CDE69 /* Base */,
			);
			name = LaunchScreen.xib;
			sourceTree = "<group>";
		};
/* End PBXVariantGroup section */

/* Begin XCBuildConfiguration section */
		5EB3B5C41C71E9FC009CDE69 /* Debug */ = {
			isa = XCBuildConfiguration;
			buildSettings = {
				ALWAYS_SEARCH_USER_PATHS = NO;
				CLANG_CXX_LANGUAGE_STANDARD = "gnu++0x";
				CLANG_CXX_LIBRARY = "libc++";
				CLANG_ENABLE_MODULES = YES;
				CLANG_ENABLE_OBJC_ARC = YES;
				CLANG_WARN_BOOL_CONVERSION = YES;
				CLANG_WARN_CONSTANT_CONVERSION = YES;
				CLANG_WARN_DIRECT_OBJC_ISA_USAGE = YES_ERROR;
				CLANG_WARN_EMPTY_BODY = YES;
				CLANG_WARN_ENUM_CONVERSION = YES;
				CLANG_WARN_INT_CONVERSION = YES;
				CLANG_WARN_OBJC_ROOT_CLASS = YES_ERROR;
				CLANG_WARN_UNREACHABLE_CODE = YES;
				CLANG_WARN__DUPLICATE_METHOD_MATCH = YES;
				"CODE_SIGN_IDENTITY[sdk=iphoneos*]" = "iPhone Developer";
				COPY_PHASE_STRIP = NO;
				ENABLE_STRICT_OBJC_MSGSEND = YES;
				GCC_C_LANGUAGE_STANDARD = gnu99;
				GCC_DYNAMIC_NO_PIC = NO;
				GCC_OPTIMIZATION_LEVEL = 0;
				GCC_PREPROCESSOR_DEFINITIONS = (
					"DEBUG=1",
					"$(inherited)",
				);
				GCC_SYMBOLS_PRIVATE_EXTERN = NO;
				GCC_WARN_64_TO_32_BIT_CONVERSION = YES;
				GCC_WARN_ABOUT_RETURN_TYPE = YES_ERROR;
				GCC_WARN_UNDECLARED_SELECTOR = YES;
				GCC_WARN_UNINITIALIZED_AUTOS = YES_AGGRESSIVE;
				GCC_WARN_UNUSED_FUNCTION = YES;
				GCC_WARN_UNUSED_VARIABLE = YES;
				IPHONEOS_DEPLOYMENT_TARGET = 8.0;
				MTL_ENABLE_DEBUG_INFO = YES;
				ONLY_ACTIVE_ARCH = YES;
				SDKROOT = iphoneos;
				SWIFT_OPTIMIZATION_LEVEL = "-Onone";
			};
			name = Debug;
		};
		5EB3B5C51C71E9FC009CDE69 /* Release */ = {
			isa = XCBuildConfiguration;
			buildSettings = {
				ALWAYS_SEARCH_USER_PATHS = NO;
				CLANG_CXX_LANGUAGE_STANDARD = "gnu++0x";
				CLANG_CXX_LIBRARY = "libc++";
				CLANG_ENABLE_MODULES = YES;
				CLANG_ENABLE_OBJC_ARC = YES;
				CLANG_WARN_BOOL_CONVERSION = YES;
				CLANG_WARN_CONSTANT_CONVERSION = YES;
				CLANG_WARN_DIRECT_OBJC_ISA_USAGE = YES_ERROR;
				CLANG_WARN_EMPTY_BODY = YES;
				CLANG_WARN_ENUM_CONVERSION = YES;
				CLANG_WARN_INT_CONVERSION = YES;
				CLANG_WARN_OBJC_ROOT_CLASS = YES_ERROR;
				CLANG_WARN_UNREACHABLE_CODE = YES;
				CLANG_WARN__DUPLICATE_METHOD_MATCH = YES;
				"CODE_SIGN_IDENTITY[sdk=iphoneos*]" = "iPhone Developer";
				COPY_PHASE_STRIP = YES;
				ENABLE_NS_ASSERTIONS = NO;
				ENABLE_STRICT_OBJC_MSGSEND = YES;
				GCC_C_LANGUAGE_STANDARD = gnu99;
				GCC_WARN_64_TO_32_BIT_CONVERSION = YES;
				GCC_WARN_ABOUT_RETURN_TYPE = YES_ERROR;
				GCC_WARN_UNDECLARED_SELECTOR = YES;
				GCC_WARN_UNINITIALIZED_AUTOS = YES_AGGRESSIVE;
				GCC_WARN_UNUSED_FUNCTION = YES;
				GCC_WARN_UNUSED_VARIABLE = YES;
				IPHONEOS_DEPLOYMENT_TARGET = 8.0;
				MTL_ENABLE_DEBUG_INFO = NO;
				SDKROOT = iphoneos;
				VALIDATE_PRODUCT = YES;
			};
			name = Release;
		};
		5EB3B5C71C71E9FC009CDE69 /* Debug */ = {
			isa = XCBuildConfiguration;
			buildSettings = {
				ASSETCATALOG_COMPILER_APPICON_NAME = AppIcon;
				INFOPLIST_FILE = "Keyboard Controller/Info.plist";
				LD_RUNPATH_SEARCH_PATHS = "$(inherited) @executable_path/Frameworks";
				PRODUCT_NAME = "$(TARGET_NAME)";
			};
			name = Debug;
		};
		5EB3B5C81C71E9FC009CDE69 /* Release */ = {
			isa = XCBuildConfiguration;
			buildSettings = {
				ASSETCATALOG_COMPILER_APPICON_NAME = AppIcon;
				INFOPLIST_FILE = "Keyboard Controller/Info.plist";
				LD_RUNPATH_SEARCH_PATHS = "$(inherited) @executable_path/Frameworks";
				PRODUCT_NAME = "$(TARGET_NAME)";
			};
			name = Release;
		};
		5EB3B5CA1C71E9FC009CDE69 /* Debug */ = {
			isa = XCBuildConfiguration;
			buildSettings = {
				BUNDLE_LOADER = "$(TEST_HOST)";
				FRAMEWORK_SEARCH_PATHS = (
					"$(SDKROOT)/Developer/Library/Frameworks",
					"$(inherited)",
				);
				GCC_PREPROCESSOR_DEFINITIONS = (
					"DEBUG=1",
					"$(inherited)",
				);
				INFOPLIST_FILE = "Keyboard ControllerTests/Info.plist";
				LD_RUNPATH_SEARCH_PATHS = "$(inherited) @executable_path/Frameworks @loader_path/Frameworks";
				PRODUCT_NAME = "$(TARGET_NAME)";
				TEST_HOST = "$(BUILT_PRODUCTS_DIR)/Keyboard Controller.app/Keyboard Controller";
			};
			name = Debug;
		};
		5EB3B5CB1C71E9FC009CDE69 /* Release */ = {
			isa = XCBuildConfiguration;
			buildSettings = {
				BUNDLE_LOADER = "$(TEST_HOST)";
				FRAMEWORK_SEARCH_PATHS = (
					"$(SDKROOT)/Developer/Library/Frameworks",
					"$(inherited)",
				);
				INFOPLIST_FILE = "Keyboard ControllerTests/Info.plist";
				LD_RUNPATH_SEARCH_PATHS = "$(inherited) @executable_path/Frameworks @loader_path/Frameworks";
				PRODUCT_NAME = "$(TARGET_NAME)";
				TEST_HOST = "$(BUILT_PRODUCTS_DIR)/Keyboard Controller.app/Keyboard Controller";
			};
			name = Release;
		};
/* End XCBuildConfiguration section */

/* Begin XCConfigurationList section */
		5EB3B5A21C71E9FB009CDE69 /* Build configuration list for PBXProject "Keyboard Controller" */ = {
			isa = XCConfigurationList;
			buildConfigurations = (
				5EB3B5C41C71E9FC009CDE69 /* Debug */,
				5EB3B5C51C71E9FC009CDE69 /* Release */,
			);
			defaultConfigurationIsVisible = 0;
			defaultConfigurationName = Release;
		};
		5EB3B5C61C71E9FC009CDE69 /* Build configuration list for PBXNativeTarget "Keyboard Controller" */ = {
			isa = XCConfigurationList;
			buildConfigurations = (
				5EB3B5C71C71E9FC009CDE69 /* Debug */,
				5EB3B5C81C71E9FC009CDE69 /* Release */,
			);
			defaultConfigurationIsVisible = 0;
		};
		5EB3B5C91C71E9FC009CDE69 /* Build configuration list for PBXNativeTarget "Keyboard ControllerTests" */ = {
			isa = XCConfigurationList;
			buildConfigurations = (
				5EB3B5CA1C71E9FC009CDE69 /* Debug */,
				5EB3B5CB1C71E9FC009CDE69 /* Release */,
			);
			defaultConfigurationIsVisible = 0;
		};
/* End XCConfigurationList section */
	};
	rootObject = 5EB3B59F1C71E9FB009CDE69 /* Project object */;
}
