// !$*UTF8*$!
{
	archiveVersion = 1;
	classes = {
	};
	objectVersion = 46;
	objects = {

/* Begin PBXBuildFile section */
		5EF219071D02A972005A702D /* AppDelegate.swift in Sources */ = {isa = PBXBuildFile; fileRef = 5EF219061D02A972005A702D /* AppDelegate.swift */; };
		5EF219091D02A972005A702D /* ViewController.swift in Sources */ = {isa = PBXBuildFile; fileRef = 5EF219081D02A972005A702D /* ViewController.swift */; };
		5EF2190C1D02A973005A702D /* Main.storyboard in Resources */ = {isa = PBXBuildFile; fileRef = 5EF2190A1D02A973005A702D /* Main.storyboard */; };
		5EF2190E1D02A973005A702D /* Assets.xcassets in Resources */ = {isa = PBXBuildFile; fileRef = 5EF2190D1D02A973005A702D /* Assets.xcassets */; };
		5EF219111D02A973005A702D /* LaunchScreen.storyboard in Resources */ = {isa = PBXBuildFile; fileRef = 5EF2190F1D02A973005A702D /* LaunchScreen.storyboard */; };
		5EF219191D02ABE2005A702D /* background.jpg in Resources */ = {isa = PBXBuildFile; fileRef = 5EF219181D02ABE2005A702D /* background.jpg */; };
/* End PBXBuildFile section */

/* Begin PBXFileReference section */
		5EF219031D02A972005A702D /* Weather Condition.app */ = {isa = PBXFileReference; explicitFileType = wrapper.application; includeInIndex = 0; path = "Weather Condition.app"; sourceTree = BUILT_PRODUCTS_DIR; };
		5EF219061D02A972005A702D /* AppDelegate.swift */ = {isa = PBXFileReference; lastKnownFileType = sourcecode.swift; path = AppDelegate.swift; sourceTree = "<group>"; };
		5EF219081D02A972005A702D /* ViewController.swift */ = {isa = PBXFileReference; lastKnownFileType = sourcecode.swift; path = ViewController.swift; sourceTree = "<group>"; };
		5EF2190B1D02A973005A702D /* Base */ = {isa = PBXFileReference; lastKnownFileType = file.storyboard; name = Base; path = Base.lproj/Main.storyboard; sourceTree = "<group>"; };
		5EF2190D1D02A973005A702D /* Assets.xcassets */ = {isa = PBXFileReference; lastKnownFileType = folder.assetcatalog; path = Assets.xcassets; sourceTree = "<group>"; };
		5EF219101D02A973005A702D /* Base */ = {isa = PBXFileReference; lastKnownFileType = file.storyboard; name = Base; path = Base.lproj/LaunchScreen.storyboard; sourceTree = "<group>"; };
		5EF219121D02A973005A702D /* Info.plist */ = {isa = PBXFileReference; lastKnownFileType = text.plist.xml; path = Info.plist; sourceTree = "<group>"; };
		5EF219181D02ABE2005A702D /* background.jpg */ = {isa = PBXFileReference; lastKnownFileType = image.jpeg; path = background.jpg; sourceTree = "<group>"; };
/* End PBXFileReference section */

/* Begin PBXFrameworksBuildPhase section */
		5EF219001D02A972005A702D /* Frameworks */ = {
			isa = PBXFrameworksBuildPhase;
			buildActionMask = 2147483647;
			files = (
			);
			runOnlyForDeploymentPostprocessing = 0;
		};
/* End PBXFrameworksBuildPhase section */

/* Begin PBXGroup section */
		5EF218FA1D02A972005A702D = {
			isa = PBXGroup;
			children = (
				5EF219051D02A972005A702D /* Weather Condition */,
				5EF219041D02A972005A702D /* Products */,
			);
			sourceTree = "<group>";
		};
		5EF219041D02A972005A702D /* Products */ = {
			isa = PBXGroup;
			children = (
				5EF219031D02A972005A702D /* Weather Condition.app */,
			);
			name = Products;
			sourceTree = "<group>";
		};
		5EF219051D02A972005A702D /* Weather Condition */ = {
			isa = PBXGroup;
			children = (
				5EF219181D02ABE2005A702D /* background.jpg */,
				5EF219061D02A972005A702D /* AppDelegate.swift */,
				5EF219081D02A972005A702D /* ViewController.swift */,
				5EF2190A1D02A973005A702D /* Main.storyboard */,
				5EF2190D1D02A973005A702D /* Assets.xcassets */,
				5EF2190F1D02A973005A702D /* LaunchScreen.storyboard */,
				5EF219121D02A973005A702D /* Info.plist */,
			);
			path = "Weather Condition";
			sourceTree = "<group>";
		};
/* End PBXGroup section */

/* Begin PBXNativeTarget section */
		5EF219021D02A972005A702D /* Weather Condition */ = {
			isa = PBXNativeTarget;
			buildConfigurationList = 5EF219151D02A973005A702D /* Build configuration list for PBXNativeTarget "Weather Condition" */;
			buildPhases = (
				5EF218FF1D02A972005A702D /* Sources */,
				5EF219001D02A972005A702D /* Frameworks */,
				5EF219011D02A972005A702D /* Resources */,
			);
			buildRules = (
			);
			dependencies = (
			);
			name = "Weather Condition";
			productName = "Weather Condition";
			productReference = 5EF219031D02A972005A702D /* Weather Condition.app */;
			productType = "com.apple.product-type.application";
		};
/* End PBXNativeTarget section */

/* Begin PBXProject section */
		5EF218FB1D02A972005A702D /* Project object */ = {
			isa = PBXProject;
			attributes = {
				LastSwiftUpdateCheck = 0720;
				LastUpgradeCheck = 0720;
				ORGANIZATIONNAME = SaturnMob;
				TargetAttributes = {
					5EF219021D02A972005A702D = {
						CreatedOnToolsVersion = 7.2.1;
					};
				};
			};
			buildConfigurationList = 5EF218FE1D02A972005A702D /* Build configuration list for PBXProject "Weather Condition" */;
			compatibilityVersion = "Xcode 3.2";
			developmentRegion = English;
			hasScannedForEncodings = 0;
			knownRegions = (
				en,
				Base,
			);
			mainGroup = 5EF218FA1D02A972005A702D;
			productRefGroup = 5EF219041D02A972005A702D /* Products */;
			projectDirPath = "";
			projectRoot = "";
			targets = (
				5EF219021D02A972005A702D /* Weather Condition */,
			);
		};
/* End PBXProject section */

/* Begin PBXResourcesBuildPhase section */
		5EF219011D02A972005A702D /* Resources */ = {
			isa = PBXResourcesBuildPhase;
			buildActionMask = 2147483647;
			files = (
				5EF219111D02A973005A702D /* LaunchScreen.storyboard in Resources */,
				5EF219191D02ABE2005A702D /* background.jpg in Resources */,
				5EF2190E1D02A973005A702D /* Assets.xcassets in Resources */,
				5EF2190C1D02A973005A702D /* Main.storyboard in Resources */,
			);
			runOnlyForDeploymentPostprocessing = 0;
		};
/* End PBXResourcesBuildPhase section */

/* Begin PBXSourcesBuildPhase section */
		5EF218FF1D02A972005A702D /* Sources */ = {
			isa = PBXSourcesBuildPhase;
			buildActionMask = 2147483647;
			files = (
				5EF219091D02A972005A702D /* ViewController.swift in Sources */,
				5EF219071D02A972005A702D /* AppDelegate.swift in Sources */,
			);
			runOnlyForDeploymentPostprocessing = 0;
		};
/* End PBXSourcesBuildPhase section */

/* Begin PBXVariantGroup section */
		5EF2190A1D02A973005A702D /* Main.storyboard */ = {
			isa = PBXVariantGroup;
			children = (
				5EF2190B1D02A973005A702D /* Base */,
			);
			name = Main.storyboard;
			sourceTree = "<group>";
		};
		5EF2190F1D02A973005A702D /* LaunchScreen.storyboard */ = {
			isa = PBXVariantGroup;
			children = (
				5EF219101D02A973005A702D /* Base */,
			);
			name = LaunchScreen.storyboard;
			sourceTree = "<group>";
		};
/* End PBXVariantGroup section */

/* Begin XCBuildConfiguration section */
		5EF219131D02A973005A702D /* Debug */ = {
			isa = XCBuildConfiguration;
			buildSettings = {
				ALWAYS_SEARCH_USER_PATHS = NO;
				CLANG_CXX_LANGUAGE_STANDARD = "gnu++0x";
				CLANG_CXX_LIBRARY = "libc++";
				CLANG_ENABLE_MODULES = YES;
				CLANG_ENABLE_OBJC_ARC = YES;
				CLANG_WARN_BOOL_CONVERSION = YES;
				CLANG_WARN_CONSTANT_CONVERSION = YES;
				CLANG_WARN_DIRECT_OBJC_ISA_USAGE = YES_ERROR;
				CLANG_WARN_EMPTY_BODY = YES;
				CLANG_WARN_ENUM_CONVERSION = YES;
				CLANG_WARN_INT_CONVERSION = YES;
				CLANG_WARN_OBJC_ROOT_CLASS = YES_ERROR;
				CLANG_WARN_UNREACHABLE_CODE = YES;
				CLANG_WARN__DUPLICATE_METHOD_MATCH = YES;
				"CODE_SIGN_IDENTITY[sdk=iphoneos*]" = "iPhone Developer";
				COPY_PHASE_STRIP = NO;
				DEBUG_INFORMATION_FORMAT = dwarf;
				ENABLE_STRICT_OBJC_MSGSEND = YES;
				ENABLE_TESTABILITY = YES;
				GCC_C_LANGUAGE_STANDARD = gnu99;
				GCC_DYNAMIC_NO_PIC = NO;
				GCC_NO_COMMON_BLOCKS = YES;
				GCC_OPTIMIZATION_LEVEL = 0;
				GCC_PREPROCESSOR_DEFINITIONS = (
					"DEBUG=1",
					"$(inherited)",
				);
				GCC_WARN_64_TO_32_BIT_CONVERSION = YES;
				GCC_WARN_ABOUT_RETURN_TYPE = YES_ERROR;
				GCC_WARN_UNDECLARED_SELECTOR = YES;
				GCC_WARN_UNINITIALIZED_AUTOS = YES_AGGRESSIVE;
				GCC_WARN_UNUSED_FUNCTION = YES;
				GCC_WARN_UNUSED_VARIABLE = YES;
				IPHONEOS_DEPLOYMENT_TARGET = 9.2;
				MTL_ENABLE_DEBUG_INFO = YES;
				ONLY_ACTIVE_ARCH = YES;
				SDKROOT = iphoneos;
				SWIFT_OPTIMIZATION_LEVEL = "-Onone";
			};
			name = Debug;
		};
		5EF219141D02A973005A702D /* Release */ = {
			isa = XCBuildConfiguration;
			buildSettings = {
				ALWAYS_SEARCH_USER_PATHS = NO;
				CLANG_CXX_LANGUAGE_STANDARD = "gnu++0x";
				CLANG_CXX_LIBRARY = "libc++";
				CLANG_ENABLE_MODULES = YES;
				CLANG_ENABLE_OBJC_ARC = YES;
				CLANG_WARN_BOOL_CONVERSION = YES;
				CLANG_WARN_CONSTANT_CONVERSION = YES;
				CLANG_WARN_DIRECT_OBJC_ISA_USAGE = YES_ERROR;
				CLANG_WARN_EMPTY_BODY = YES;
				CLANG_WARN_ENUM_CONVERSION = YES;
				CLANG_WARN_INT_CONVERSION = YES;
				CLANG_WARN_OBJC_ROOT_CLASS = YES_ERROR;
				CLANG_WARN_UNREACHABLE_CODE = YES;
				CLANG_WARN__DUPLICATE_METHOD_MATCH = YES;
				"CODE_SIGN_IDENTITY[sdk=iphoneos*]" = "iPhone Developer";
				COPY_PHASE_STRIP = NO;
				DEBUG_INFORMATION_FORMAT = "dwarf-with-dsym";
				ENABLE_NS_ASSERTIONS = NO;
				ENABLE_STRICT_OBJC_MSGSEND = YES;
				GCC_C_LANGUAGE_STANDARD = gnu99;
				GCC_NO_COMMON_BLOCKS = YES;
				GCC_WARN_64_TO_32_BIT_CONVERSION = YES;
				GCC_WARN_ABOUT_RETURN_TYPE = YES_ERROR;
				GCC_WARN_UNDECLARED_SELECTOR = YES;
				GCC_WARN_UNINITIALIZED_AUTOS = YES_AGGRESSIVE;
				GCC_WARN_UNUSED_FUNCTION = YES;
				GCC_WARN_UNUSED_VARIABLE = YES;
				IPHONEOS_DEPLOYMENT_TARGET = 9.2;
				MTL_ENABLE_DEBUG_INFO = NO;
				SDKROOT = iphoneos;
				VALIDATE_PRODUCT = YES;
			};
			name = Release;
		};
		5EF219161D02A973005A702D /* Debug */ = {
			isa = XCBuildConfiguration;
			buildSettings = {
				ASSETCATALOG_COMPILER_APPICON_NAME = AppIcon;
				INFOPLIST_FILE = "Weather Condition/Info.plist";
				LD_RUNPATH_SEARCH_PATHS = "$(inherited) @executable_path/Frameworks";
				PRODUCT_BUNDLE_IDENTIFIER = "com.saturnmob.Weather-Condition";
				PRODUCT_NAME = "$(TARGET_NAME)";
			};
			name = Debug;
		};
		5EF219171D02A973005A702D /* Release */ = {
			isa = XCBuildConfiguration;
			buildSettings = {
				ASSETCATALOG_COMPILER_APPICON_NAME = AppIcon;
				INFOPLIST_FILE = "Weather Condition/Info.plist";
				LD_RUNPATH_SEARCH_PATHS = "$(inherited) @executable_path/Frameworks";
				PRODUCT_BUNDLE_IDENTIFIER = "com.saturnmob.Weather-Condition";
				PRODUCT_NAME = "$(TARGET_NAME)";
			};
			name = Release;
		};
/* End XCBuildConfiguration section */

/* Begin XCConfigurationList section */
		5EF218FE1D02A972005A702D /* Build configuration list for PBXProject "Weather Condition" */ = {
			isa = XCConfigurationList;
			buildConfigurations = (
				5EF219131D02A973005A702D /* Debug */,
				5EF219141D02A973005A702D /* Release */,
			);
			defaultConfigurationIsVisible = 0;
			defaultConfigurationName = Release;
		};
		5EF219151D02A973005A702D /* Build configuration list for PBXNativeTarget "Weather Condition" */ = {
			isa = XCConfigurationList;
			buildConfigurations = (
				5EF219161D02A973005A702D /* Debug */,
				5EF219171D02A973005A702D /* Release */,
			);
			defaultConfigurationIsVisible = 0;
		};
/* End XCConfigurationList section */
	};
	rootObject = 5EF218FB1D02A972005A702D /* Project object */;
}
