// !$*UTF8*$!
{
	archiveVersion = 1;
	classes = {
	};
	objectVersion = 46;
	objects = {

/* Begin PBXBuildFile section */
		5EF7EA8A1C5F249F00B16ACC /* AppDelegate.swift in Sources */ = {isa = PBXBuildFile; fileRef = 5EF7EA891C5F249F00B16ACC /* AppDelegate.swift */; };
		5EF7EA8C1C5F249F00B16ACC /* ViewController.swift in Sources */ = {isa = PBXBuildFile; fileRef = 5EF7EA8B1C5F249F00B16ACC /* ViewController.swift */; };
		5EF7EA8F1C5F249F00B16ACC /* Main.storyboard in Resources */ = {isa = PBXBuildFile; fileRef = 5EF7EA8D1C5F249F00B16ACC /* Main.storyboard */; };
		5EF7EA911C5F249F00B16ACC /* Images.xcassets in Resources */ = {isa = PBXBuildFile; fileRef = 5EF7EA901C5F249F00B16ACC /* Images.xcassets */; };
		5EF7EA941C5F249F00B16ACC /* LaunchScreen.xib in Resources */ = {isa = PBXBuildFile; fileRef = 5EF7EA921C5F249F00B16ACC /* LaunchScreen.xib */; };
		5EF7EAA01C5F249F00B16ACC /* Cat_YearsTests.swift in Sources */ = {isa = PBXBuildFile; fileRef = 5EF7EA9F1C5F249F00B16ACC /* Cat_YearsTests.swift */; };
		5EF7EAAA1C5F270100B16ACC /* Orange_Color_the_cat.png in Resources */ = {isa = PBXBuildFile; fileRef = 5EF7EAA91C5F270100B16ACC /* Orange_Color_the_cat.png */; };
/* End PBXBuildFile section */

/* Begin PBXContainerItemProxy section */
		5EF7EA9A1C5F249F00B16ACC /* PBXContainerItemProxy */ = {
			isa = PBXContainerItemProxy;
			containerPortal = 5EF7EA7C1C5F249F00B16ACC /* Project object */;
			proxyType = 1;
			remoteGlobalIDString = 5EF7EA831C5F249F00B16ACC;
			remoteInfo = "Cat Years";
		};
/* End PBXContainerItemProxy section */

/* Begin PBXFileReference section */
		5EF7EA841C5F249F00B16ACC /* Cat Years.app */ = {isa = PBXFileReference; explicitFileType = wrapper.application; includeInIndex = 0; path = "Cat Years.app"; sourceTree = BUILT_PRODUCTS_DIR; };
		5EF7EA881C5F249F00B16ACC /* Info.plist */ = {isa = PBXFileReference; lastKnownFileType = text.plist.xml; path = Info.plist; sourceTree = "<group>"; };
		5EF7EA891C5F249F00B16ACC /* AppDelegate.swift */ = {isa = PBXFileReference; lastKnownFileType = sourcecode.swift; path = AppDelegate.swift; sourceTree = "<group>"; };
		5EF7EA8B1C5F249F00B16ACC /* ViewController.swift */ = {isa = PBXFileReference; lastKnownFileType = sourcecode.swift; path = ViewController.swift; sourceTree = "<group>"; };
		5EF7EA8E1C5F249F00B16ACC /* Base */ = {isa = PBXFileReference; lastKnownFileType = file.storyboard; name = Base; path = Base.lproj/Main.storyboard; sourceTree = "<group>"; };
		5EF7EA901C5F249F00B16ACC /* Images.xcassets */ = {isa = PBXFileReference; lastKnownFileType = folder.assetcatalog; path = Images.xcassets; sourceTree = "<group>"; };
		5EF7EA931C5F249F00B16ACC /* Base */ = {isa = PBXFileReference; lastKnownFileType = file.xib; name = Base; path = Base.lproj/LaunchScreen.xib; sourceTree = "<group>"; };
		5EF7EA991C5F249F00B16ACC /* Cat YearsTests.xctest */ = {isa = PBXFileReference; explicitFileType = wrapper.cfbundle; includeInIndex = 0; path = "Cat YearsTests.xctest"; sourceTree = BUILT_PRODUCTS_DIR; };
		5EF7EA9E1C5F249F00B16ACC /* Info.plist */ = {isa = PBXFileReference; lastKnownFileType = text.plist.xml; path = Info.plist; sourceTree = "<group>"; };
		5EF7EA9F1C5F249F00B16ACC /* Cat_YearsTests.swift */ = {isa = PBXFileReference; lastKnownFileType = sourcecode.swift; path = Cat_YearsTests.swift; sourceTree = "<group>"; };
		5EF7EAA91C5F270100B16ACC /* Orange_Color_the_cat.png */ = {isa = PBXFileReference; lastKnownFileType = image.png; path = Orange_Color_the_cat.png; sourceTree = "<group>"; };
/* End PBXFileReference section */

/* Begin PBXFrameworksBuildPhase section */
		5EF7EA811C5F249F00B16ACC /* Frameworks */ = {
			isa = PBXFrameworksBuildPhase;
			buildActionMask = 2147483647;
			files = (
			);
			runOnlyForDeploymentPostprocessing = 0;
		};
		5EF7EA961C5F249F00B16ACC /* Frameworks */ = {
			isa = PBXFrameworksBuildPhase;
			buildActionMask = 2147483647;
			files = (
			);
			runOnlyForDeploymentPostprocessing = 0;
		};
/* End PBXFrameworksBuildPhase section */

/* Begin PBXGroup section */
		5EF7EA7B1C5F249F00B16ACC = {
			isa = PBXGroup;
			children = (
				5EF7EA861C5F249F00B16ACC /* Cat Years */,
				5EF7EA9C1C5F249F00B16ACC /* Cat YearsTests */,
				5EF7EA851C5F249F00B16ACC /* Products */,
			);
			sourceTree = "<group>";
		};
		5EF7EA851C5F249F00B16ACC /* Products */ = {
			isa = PBXGroup;
			children = (
				5EF7EA841C5F249F00B16ACC /* Cat Years.app */,
				5EF7EA991C5F249F00B16ACC /* Cat YearsTests.xctest */,
			);
			name = Products;
			sourceTree = "<group>";
		};
		5EF7EA861C5F249F00B16ACC /* Cat Years */ = {
			isa = PBXGroup;
			children = (
				5EF7EA891C5F249F00B16ACC /* AppDelegate.swift */,
				5EF7EA8B1C5F249F00B16ACC /* ViewController.swift */,
				5EF7EA8D1C5F249F00B16ACC /* Main.storyboard */,
				5EF7EAA91C5F270100B16ACC /* Orange_Color_the_cat.png */,
				5EF7EA901C5F249F00B16ACC /* Images.xcassets */,
				5EF7EA921C5F249F00B16ACC /* LaunchScreen.xib */,
				5EF7EA871C5F249F00B16ACC /* Supporting Files */,
			);
			path = "Cat Years";
			sourceTree = "<group>";
		};
		5EF7EA871C5F249F00B16ACC /* Supporting Files */ = {
			isa = PBXGroup;
			children = (
				5EF7EA881C5F249F00B16ACC /* Info.plist */,
			);
			name = "Supporting Files";
			sourceTree = "<group>";
		};
		5EF7EA9C1C5F249F00B16ACC /* Cat YearsTests */ = {
			isa = PBXGroup;
			children = (
				5EF7EA9F1C5F249F00B16ACC /* Cat_YearsTests.swift */,
				5EF7EA9D1C5F249F00B16ACC /* Supporting Files */,
			);
			path = "Cat YearsTests";
			sourceTree = "<group>";
		};
		5EF7EA9D1C5F249F00B16ACC /* Supporting Files */ = {
			isa = PBXGroup;
			children = (
				5EF7EA9E1C5F249F00B16ACC /* Info.plist */,
			);
			name = "Supporting Files";
			sourceTree = "<group>";
		};
/* End PBXGroup section */

/* Begin PBXNativeTarget section */
		5EF7EA831C5F249F00B16ACC /* Cat Years */ = {
			isa = PBXNativeTarget;
			buildConfigurationList = 5EF7EAA31C5F249F00B16ACC /* Build configuration list for PBXNativeTarget "Cat Years" */;
			buildPhases = (
				5EF7EA801C5F249F00B16ACC /* Sources */,
				5EF7EA811C5F249F00B16ACC /* Frameworks */,
				5EF7EA821C5F249F00B16ACC /* Resources */,
			);
			buildRules = (
			);
			dependencies = (
			);
			name = "Cat Years";
			productName = "Cat Years";
			productReference = 5EF7EA841C5F249F00B16ACC /* Cat Years.app */;
			productType = "com.apple.product-type.application";
		};
		5EF7EA981C5F249F00B16ACC /* Cat YearsTests */ = {
			isa = PBXNativeTarget;
			buildConfigurationList = 5EF7EAA61C5F249F00B16ACC /* Build configuration list for PBXNativeTarget "Cat YearsTests" */;
			buildPhases = (
				5EF7EA951C5F249F00B16ACC /* Sources */,
				5EF7EA961C5F249F00B16ACC /* Frameworks */,
				5EF7EA971C5F249F00B16ACC /* Resources */,
			);
			buildRules = (
			);
			dependencies = (
				5EF7EA9B1C5F249F00B16ACC /* PBXTargetDependency */,
			);
			name = "Cat YearsTests";
			productName = "Cat YearsTests";
			productReference = 5EF7EA991C5F249F00B16ACC /* Cat YearsTests.xctest */;
			productType = "com.apple.product-type.bundle.unit-test";
		};
/* End PBXNativeTarget section */

/* Begin PBXProject section */
		5EF7EA7C1C5F249F00B16ACC /* Project object */ = {
			isa = PBXProject;
			attributes = {
				LastUpgradeCheck = 0600;
				ORGANIZATIONNAME = SaturnMob;
				TargetAttributes = {
					5EF7EA831C5F249F00B16ACC = {
						CreatedOnToolsVersion = 6.0;
					};
					5EF7EA981C5F249F00B16ACC = {
						CreatedOnToolsVersion = 6.0;
						TestTargetID = 5EF7EA831C5F249F00B16ACC;
					};
				};
			};
			buildConfigurationList = 5EF7EA7F1C5F249F00B16ACC /* Build configuration list for PBXProject "Cat Years" */;
			compatibilityVersion = "Xcode 3.2";
			developmentRegion = English;
			hasScannedForEncodings = 0;
			knownRegions = (
				en,
				Base,
			);
			mainGroup = 5EF7EA7B1C5F249F00B16ACC;
			productRefGroup = 5EF7EA851C5F249F00B16ACC /* Products */;
			projectDirPath = "";
			projectRoot = "";
			targets = (
				5EF7EA831C5F249F00B16ACC /* Cat Years */,
				5EF7EA981C5F249F00B16ACC /* Cat YearsTests */,
			);
		};
/* End PBXProject section */

/* Begin PBXResourcesBuildPhase section */
		5EF7EA821C5F249F00B16ACC /* Resources */ = {
			isa = PBXResourcesBuildPhase;
			buildActionMask = 2147483647;
			files = (
				5EF7EAAA1C5F270100B16ACC /* Orange_Color_the_cat.png in Resources */,
				5EF7EA8F1C5F249F00B16ACC /* Main.storyboard in Resources */,
				5EF7EA941C5F249F00B16ACC /* LaunchScreen.xib in Resources */,
				5EF7EA911C5F249F00B16ACC /* Images.xcassets in Resources */,
			);
			runOnlyForDeploymentPostprocessing = 0;
		};
		5EF7EA971C5F249F00B16ACC /* Resources */ = {
			isa = PBXResourcesBuildPhase;
			buildActionMask = 2147483647;
			files = (
			);
			runOnlyForDeploymentPostprocessing = 0;
		};
/* End PBXResourcesBuildPhase section */

/* Begin PBXSourcesBuildPhase section */
		5EF7EA801C5F249F00B16ACC /* Sources */ = {
			isa = PBXSourcesBuildPhase;
			buildActionMask = 2147483647;
			files = (
				5EF7EA8C1C5F249F00B16ACC /* ViewController.swift in Sources */,
				5EF7EA8A1C5F249F00B16ACC /* AppDelegate.swift in Sources */,
			);
			runOnlyForDeploymentPostprocessing = 0;
		};
		5EF7EA951C5F249F00B16ACC /* Sources */ = {
			isa = PBXSourcesBuildPhase;
			buildActionMask = 2147483647;
			files = (
				5EF7EAA01C5F249F00B16ACC /* Cat_YearsTests.swift in Sources */,
			);
			runOnlyForDeploymentPostprocessing = 0;
		};
/* End PBXSourcesBuildPhase section */

/* Begin PBXTargetDependency section */
		5EF7EA9B1C5F249F00B16ACC /* PBXTargetDependency */ = {
			isa = PBXTargetDependency;
			target = 5EF7EA831C5F249F00B16ACC /* Cat Years */;
			targetProxy = 5EF7EA9A1C5F249F00B16ACC /* PBXContainerItemProxy */;
		};
/* End PBXTargetDependency section */

/* Begin PBXVariantGroup section */
		5EF7EA8D1C5F249F00B16ACC /* Main.storyboard */ = {
			isa = PBXVariantGroup;
			children = (
				5EF7EA8E1C5F249F00B16ACC /* Base */,
			);
			name = Main.storyboard;
			sourceTree = "<group>";
		};
		5EF7EA921C5F249F00B16ACC /* LaunchScreen.xib */ = {
			isa = PBXVariantGroup;
			children = (
				5EF7EA931C5F249F00B16ACC /* Base */,
			);
			name = LaunchScreen.xib;
			sourceTree = "<group>";
		};
/* End PBXVariantGroup section */

/* Begin XCBuildConfiguration section */
		5EF7EAA11C5F249F00B16ACC /* Debug */ = {
			isa = XCBuildConfiguration;
			buildSettings = {
				ALWAYS_SEARCH_USER_PATHS = NO;
				CLANG_CXX_LANGUAGE_STANDARD = "gnu++0x";
				CLANG_CXX_LIBRARY = "libc++";
				CLANG_ENABLE_MODULES = YES;
				CLANG_ENABLE_OBJC_ARC = YES;
				CLANG_WARN_BOOL_CONVERSION = YES;
				CLANG_WARN_CONSTANT_CONVERSION = YES;
				CLANG_WARN_DIRECT_OBJC_ISA_USAGE = YES_ERROR;
				CLANG_WARN_EMPTY_BODY = YES;
				CLANG_WARN_ENUM_CONVERSION = YES;
				CLANG_WARN_INT_CONVERSION = YES;
				CLANG_WARN_OBJC_ROOT_CLASS = YES_ERROR;
				CLANG_WARN_UNREACHABLE_CODE = YES;
				CLANG_WARN__DUPLICATE_METHOD_MATCH = YES;
				"CODE_SIGN_IDENTITY[sdk=iphoneos*]" = "iPhone Developer";
				COPY_PHASE_STRIP = NO;
				ENABLE_STRICT_OBJC_MSGSEND = YES;
				GCC_C_LANGUAGE_STANDARD = gnu99;
				GCC_DYNAMIC_NO_PIC = NO;
				GCC_OPTIMIZATION_LEVEL = 0;
				GCC_PREPROCESSOR_DEFINITIONS = (
					"DEBUG=1",
					"$(inherited)",
				);
				GCC_SYMBOLS_PRIVATE_EXTERN = NO;
				GCC_WARN_64_TO_32_BIT_CONVERSION = YES;
				GCC_WARN_ABOUT_RETURN_TYPE = YES_ERROR;
				GCC_WARN_UNDECLARED_SELECTOR = YES;
				GCC_WARN_UNINITIALIZED_AUTOS = YES_AGGRESSIVE;
				GCC_WARN_UNUSED_FUNCTION = YES;
				GCC_WARN_UNUSED_VARIABLE = YES;
				IPHONEOS_DEPLOYMENT_TARGET = 8.0;
				MTL_ENABLE_DEBUG_INFO = YES;
				ONLY_ACTIVE_ARCH = YES;
				SDKROOT = iphoneos;
				SWIFT_OPTIMIZATION_LEVEL = "-Onone";
			};
			name = Debug;
		};
		5EF7EAA21C5F249F00B16ACC /* Release */ = {
			isa = XCBuildConfiguration;
			buildSettings = {
				ALWAYS_SEARCH_USER_PATHS = NO;
				CLANG_CXX_LANGUAGE_STANDARD = "gnu++0x";
				CLANG_CXX_LIBRARY = "libc++";
				CLANG_ENABLE_MODULES = YES;
				CLANG_ENABLE_OBJC_ARC = YES;
				CLANG_WARN_BOOL_CONVERSION = YES;
				CLANG_WARN_CONSTANT_CONVERSION = YES;
				CLANG_WARN_DIRECT_OBJC_ISA_USAGE = YES_ERROR;
				CLANG_WARN_EMPTY_BODY = YES;
				CLANG_WARN_ENUM_CONVERSION = YES;
				CLANG_WARN_INT_CONVERSION = YES;
				CLANG_WARN_OBJC_ROOT_CLASS = YES_ERROR;
				CLANG_WARN_UNREACHABLE_CODE = YES;
				CLANG_WARN__DUPLICATE_METHOD_MATCH = YES;
				"CODE_SIGN_IDENTITY[sdk=iphoneos*]" = "iPhone Developer";
				COPY_PHASE_STRIP = YES;
				ENABLE_NS_ASSERTIONS = NO;
				ENABLE_STRICT_OBJC_MSGSEND = YES;
				GCC_C_LANGUAGE_STANDARD = gnu99;
				GCC_WARN_64_TO_32_BIT_CONVERSION = YES;
				GCC_WARN_ABOUT_RETURN_TYPE = YES_ERROR;
				GCC_WARN_UNDECLARED_SELECTOR = YES;
				GCC_WARN_UNINITIALIZED_AUTOS = YES_AGGRESSIVE;
				GCC_WARN_UNUSED_FUNCTION = YES;
				GCC_WARN_UNUSED_VARIABLE = YES;
				IPHONEOS_DEPLOYMENT_TARGET = 8.0;
				MTL_ENABLE_DEBUG_INFO = NO;
				SDKROOT = iphoneos;
				VALIDATE_PRODUCT = YES;
			};
			name = Release;
		};
		5EF7EAA41C5F249F00B16ACC /* Debug */ = {
			isa = XCBuildConfiguration;
			buildSettings = {
				ASSETCATALOG_COMPILER_APPICON_NAME = AppIcon;
				INFOPLIST_FILE = "Cat Years/Info.plist";
				LD_RUNPATH_SEARCH_PATHS = "$(inherited) @executable_path/Frameworks";
				PRODUCT_NAME = "$(TARGET_NAME)";
			};
			name = Debug;
		};
		5EF7EAA51C5F249F00B16ACC /* Release */ = {
			isa = XCBuildConfiguration;
			buildSettings = {
				ASSETCATALOG_COMPILER_APPICON_NAME = AppIcon;
				INFOPLIST_FILE = "Cat Years/Info.plist";
				LD_RUNPATH_SEARCH_PATHS = "$(inherited) @executable_path/Frameworks";
				PRODUCT_NAME = "$(TARGET_NAME)";
			};
			name = Release;
		};
		5EF7EAA71C5F249F00B16ACC /* Debug */ = {
			isa = XCBuildConfiguration;
			buildSettings = {
				BUNDLE_LOADER = "$(TEST_HOST)";
				FRAMEWORK_SEARCH_PATHS = (
					"$(SDKROOT)/Developer/Library/Frameworks",
					"$(inherited)",
				);
				GCC_PREPROCESSOR_DEFINITIONS = (
					"DEBUG=1",
					"$(inherited)",
				);
				INFOPLIST_FILE = "Cat YearsTests/Info.plist";
				LD_RUNPATH_SEARCH_PATHS = "$(inherited) @executable_path/Frameworks @loader_path/Frameworks";
				PRODUCT_NAME = "$(TARGET_NAME)";
				TEST_HOST = "$(BUILT_PRODUCTS_DIR)/Cat Years.app/Cat Years";
			};
			name = Debug;
		};
		5EF7EAA81C5F249F00B16ACC /* Release */ = {
			isa = XCBuildConfiguration;
			buildSettings = {
				BUNDLE_LOADER = "$(TEST_HOST)";
				FRAMEWORK_SEARCH_PATHS = (
					"$(SDKROOT)/Developer/Library/Frameworks",
					"$(inherited)",
				);
				INFOPLIST_FILE = "Cat YearsTests/Info.plist";
				LD_RUNPATH_SEARCH_PATHS = "$(inherited) @executable_path/Frameworks @loader_path/Frameworks";
				PRODUCT_NAME = "$(TARGET_NAME)";
				TEST_HOST = "$(BUILT_PRODUCTS_DIR)/Cat Years.app/Cat Years";
			};
			name = Release;
		};
/* End XCBuildConfiguration section */

/* Begin XCConfigurationList section */
		5EF7EA7F1C5F249F00B16ACC /* Build configuration list for PBXProject "Cat Years" */ = {
			isa = XCConfigurationList;
			buildConfigurations = (
				5EF7EAA11C5F249F00B16ACC /* Debug */,
				5EF7EAA21C5F249F00B16ACC /* Release */,
			);
			defaultConfigurationIsVisible = 0;
			defaultConfigurationName = Release;
		};
		5EF7EAA31C5F249F00B16ACC /* Build configuration list for PBXNativeTarget "Cat Years" */ = {
			isa = XCConfigurationList;
			buildConfigurations = (
				5EF7EAA41C5F249F00B16ACC /* Debug */,
				5EF7EAA51C5F249F00B16ACC /* Release */,
			);
			defaultConfigurationIsVisible = 0;
		};
		5EF7EAA61C5F249F00B16ACC /* Build configuration list for PBXNativeTarget "Cat YearsTests" */ = {
			isa = XCConfigurationList;
			buildConfigurations = (
				5EF7EAA71C5F249F00B16ACC /* Debug */,
				5EF7EAA81C5F249F00B16ACC /* Release */,
			);
			defaultConfigurationIsVisible = 0;
		};
/* End XCConfigurationList section */
	};
	rootObject = 5EF7EA7C1C5F249F00B16ACC /* Project object */;
}
