// !$*UTF8*$!
{
	archiveVersion = 1;
	classes = {
	};
	objectVersion = 46;
	objects = {

/* Begin PBXBuildFile section */
		5E88247B1D0AE914003DA3DF /* AppDelegate.swift in Sources */ = {isa = PBXBuildFile; fileRef = 5E88247A1D0AE914003DA3DF /* AppDelegate.swift */; };
		5E88247D1D0AE914003DA3DF /* ViewController.swift in Sources */ = {isa = PBXBuildFile; fileRef = 5E88247C1D0AE914003DA3DF /* ViewController.swift */; };
		5E8824801D0AE914003DA3DF /* Main.storyboard in Resources */ = {isa = PBXBuildFile; fileRef = 5E88247E1D0AE914003DA3DF /* Main.storyboard */; };
		5E8824821D0AE914003DA3DF /* Assets.xcassets in Resources */ = {isa = PBXBuildFile; fileRef = 5E8824811D0AE914003DA3DF /* Assets.xcassets */; };
		5E8824851D0AE914003DA3DF /* LaunchScreen.storyboard in Resources */ = {isa = PBXBuildFile; fileRef = 5E8824831D0AE914003DA3DF /* LaunchScreen.storyboard */; };
		5E88248D1D0AEC3B003DA3DF /* giggle.mp3 in Resources */ = {isa = PBXBuildFile; fileRef = 5E88248C1D0AEC3B003DA3DF /* giggle.mp3 */; };
		5E8824911D0B48E3003DA3DF /* bach1.mp3 in Resources */ = {isa = PBXBuildFile; fileRef = 5E8824901D0B48E3003DA3DF /* bach1.mp3 */; };
/* End PBXBuildFile section */

/* Begin PBXFileReference section */
		5E8824771D0AE914003DA3DF /* Audio Sample.app */ = {isa = PBXFileReference; explicitFileType = wrapper.application; includeInIndex = 0; path = "Audio Sample.app"; sourceTree = BUILT_PRODUCTS_DIR; };
		5E88247A1D0AE914003DA3DF /* AppDelegate.swift */ = {isa = PBXFileReference; lastKnownFileType = sourcecode.swift; path = AppDelegate.swift; sourceTree = "<group>"; };
		5E88247C1D0AE914003DA3DF /* ViewController.swift */ = {isa = PBXFileReference; lastKnownFileType = sourcecode.swift; path = ViewController.swift; sourceTree = "<group>"; };
		5E88247F1D0AE914003DA3DF /* Base */ = {isa = PBXFileReference; lastKnownFileType = file.storyboard; name = Base; path = Base.lproj/Main.storyboard; sourceTree = "<group>"; };
		5E8824811D0AE914003DA3DF /* Assets.xcassets */ = {isa = PBXFileReference; lastKnownFileType = folder.assetcatalog; path = Assets.xcassets; sourceTree = "<group>"; };
		5E8824841D0AE914003DA3DF /* Base */ = {isa = PBXFileReference; lastKnownFileType = file.storyboard; name = Base; path = Base.lproj/LaunchScreen.storyboard; sourceTree = "<group>"; };
		5E8824861D0AE914003DA3DF /* Info.plist */ = {isa = PBXFileReference; lastKnownFileType = text.plist.xml; path = Info.plist; sourceTree = "<group>"; };
		5E88248C1D0AEC3B003DA3DF /* giggle.mp3 */ = {isa = PBXFileReference; lastKnownFileType = audio.mp3; name = giggle.mp3; path = ../Audio/giggle.mp3; sourceTree = "<group>"; };
		5E8824901D0B48E3003DA3DF /* bach1.mp3 */ = {isa = PBXFileReference; lastKnownFileType = audio.mp3; name = bach1.mp3; path = ../Audio/bach1.mp3; sourceTree = "<group>"; };
/* End PBXFileReference section */

/* Begin PBXFrameworksBuildPhase section */
		5E8824741D0AE914003DA3DF /* Frameworks */ = {
			isa = PBXFrameworksBuildPhase;
			buildActionMask = 2147483647;
			files = (
			);
			runOnlyForDeploymentPostprocessing = 0;
		};
/* End PBXFrameworksBuildPhase section */

/* Begin PBXGroup section */
		5E88246E1D0AE914003DA3DF = {
			isa = PBXGroup;
			children = (
				5E8824791D0AE914003DA3DF /* Audio Sample */,
				5E8824781D0AE914003DA3DF /* Products */,
			);
			sourceTree = "<group>";
		};
		5E8824781D0AE914003DA3DF /* Products */ = {
			isa = PBXGroup;
			children = (
				5E8824771D0AE914003DA3DF /* Audio Sample.app */,
			);
			name = Products;
			sourceTree = "<group>";
		};
		5E8824791D0AE914003DA3DF /* Audio Sample */ = {
			isa = PBXGroup;
			children = (
				5E88247A1D0AE914003DA3DF /* AppDelegate.swift */,
				5E88247C1D0AE914003DA3DF /* ViewController.swift */,
				5E8824901D0B48E3003DA3DF /* bach1.mp3 */,
				5E88248C1D0AEC3B003DA3DF /* giggle.mp3 */,
				5E88247E1D0AE914003DA3DF /* Main.storyboard */,
				5E8824811D0AE914003DA3DF /* Assets.xcassets */,
				5E8824831D0AE914003DA3DF /* LaunchScreen.storyboard */,
				5E8824861D0AE914003DA3DF /* Info.plist */,
			);
			path = "Audio Sample";
			sourceTree = "<group>";
		};
/* End PBXGroup section */

/* Begin PBXNativeTarget section */
		5E8824761D0AE914003DA3DF /* Audio Sample */ = {
			isa = PBXNativeTarget;
			buildConfigurationList = 5E8824891D0AE914003DA3DF /* Build configuration list for PBXNativeTarget "Audio Sample" */;
			buildPhases = (
				5E8824731D0AE914003DA3DF /* Sources */,
				5E8824741D0AE914003DA3DF /* Frameworks */,
				5E8824751D0AE914003DA3DF /* Resources */,
			);
			buildRules = (
			);
			dependencies = (
			);
			name = "Audio Sample";
			productName = "Audio Sample";
			productReference = 5E8824771D0AE914003DA3DF /* Audio Sample.app */;
			productType = "com.apple.product-type.application";
		};
/* End PBXNativeTarget section */

/* Begin PBXProject section */
		5E88246F1D0AE914003DA3DF /* Project object */ = {
			isa = PBXProject;
			attributes = {
				LastSwiftUpdateCheck = 0720;
				LastUpgradeCheck = 0720;
				ORGANIZATIONNAME = SaturnMob;
				TargetAttributes = {
					5E8824761D0AE914003DA3DF = {
						CreatedOnToolsVersion = 7.2.1;
					};
				};
			};
			buildConfigurationList = 5E8824721D0AE914003DA3DF /* Build configuration list for PBXProject "Audio Sample" */;
			compatibilityVersion = "Xcode 3.2";
			developmentRegion = English;
			hasScannedForEncodings = 0;
			knownRegions = (
				en,
				Base,
			);
			mainGroup = 5E88246E1D0AE914003DA3DF;
			productRefGroup = 5E8824781D0AE914003DA3DF /* Products */;
			projectDirPath = "";
			projectRoot = "";
			targets = (
				5E8824761D0AE914003DA3DF /* Audio Sample */,
			);
		};
/* End PBXProject section */

/* Begin PBXResourcesBuildPhase section */
		5E8824751D0AE914003DA3DF /* Resources */ = {
			isa = PBXResourcesBuildPhase;
			buildActionMask = 2147483647;
			files = (
				5E8824851D0AE914003DA3DF /* LaunchScreen.storyboard in Resources */,
				5E8824911D0B48E3003DA3DF /* bach1.mp3 in Resources */,
				5E8824821D0AE914003DA3DF /* Assets.xcassets in Resources */,
				5E8824801D0AE914003DA3DF /* Main.storyboard in Resources */,
				5E88248D1D0AEC3B003DA3DF /* giggle.mp3 in Resources */,
			);
			runOnlyForDeploymentPostprocessing = 0;
		};
/* End PBXResourcesBuildPhase section */

/* Begin PBXSourcesBuildPhase section */
		5E8824731D0AE914003DA3DF /* Sources */ = {
			isa = PBXSourcesBuildPhase;
			buildActionMask = 2147483647;
			files = (
				5E88247D1D0AE914003DA3DF /* ViewController.swift in Sources */,
				5E88247B1D0AE914003DA3DF /* AppDelegate.swift in Sources */,
			);
			runOnlyForDeploymentPostprocessing = 0;
		};
/* End PBXSourcesBuildPhase section */

/* Begin PBXVariantGroup section */
		5E88247E1D0AE914003DA3DF /* Main.storyboard */ = {
			isa = PBXVariantGroup;
			children = (
				5E88247F1D0AE914003DA3DF /* Base */,
			);
			name = Main.storyboard;
			sourceTree = "<group>";
		};
		5E8824831D0AE914003DA3DF /* LaunchScreen.storyboard */ = {
			isa = PBXVariantGroup;
			children = (
				5E8824841D0AE914003DA3DF /* Base */,
			);
			name = LaunchScreen.storyboard;
			sourceTree = "<group>";
		};
/* End PBXVariantGroup section */

/* Begin XCBuildConfiguration section */
		5E8824871D0AE914003DA3DF /* Debug */ = {
			isa = XCBuildConfiguration;
			buildSettings = {
				ALWAYS_SEARCH_USER_PATHS = NO;
				CLANG_CXX_LANGUAGE_STANDARD = "gnu++0x";
				CLANG_CXX_LIBRARY = "libc++";
				CLANG_ENABLE_MODULES = YES;
				CLANG_ENABLE_OBJC_ARC = YES;
				CLANG_WARN_BOOL_CONVERSION = YES;
				CLANG_WARN_CONSTANT_CONVERSION = YES;
				CLANG_WARN_DIRECT_OBJC_ISA_USAGE = YES_ERROR;
				CLANG_WARN_EMPTY_BODY = YES;
				CLANG_WARN_ENUM_CONVERSION = YES;
				CLANG_WARN_INT_CONVERSION = YES;
				CLANG_WARN_OBJC_ROOT_CLASS = YES_ERROR;
				CLANG_WARN_UNREACHABLE_CODE = YES;
				CLANG_WARN__DUPLICATE_METHOD_MATCH = YES;
				"CODE_SIGN_IDENTITY[sdk=iphoneos*]" = "iPhone Developer";
				COPY_PHASE_STRIP = NO;
				DEBUG_INFORMATION_FORMAT = dwarf;
				ENABLE_STRICT_OBJC_MSGSEND = YES;
				ENABLE_TESTABILITY = YES;
				GCC_C_LANGUAGE_STANDARD = gnu99;
				GCC_DYNAMIC_NO_PIC = NO;
				GCC_NO_COMMON_BLOCKS = YES;
				GCC_OPTIMIZATION_LEVEL = 0;
				GCC_PREPROCESSOR_DEFINITIONS = (
					"DEBUG=1",
					"$(inherited)",
				);
				GCC_WARN_64_TO_32_BIT_CONVERSION = YES;
				GCC_WARN_ABOUT_RETURN_TYPE = YES_ERROR;
				GCC_WARN_UNDECLARED_SELECTOR = YES;
				GCC_WARN_UNINITIALIZED_AUTOS = YES_AGGRESSIVE;
				GCC_WARN_UNUSED_FUNCTION = YES;
				GCC_WARN_UNUSED_VARIABLE = YES;
				IPHONEOS_DEPLOYMENT_TARGET = 9.2;
				MTL_ENABLE_DEBUG_INFO = YES;
				ONLY_ACTIVE_ARCH = YES;
				SDKROOT = iphoneos;
				SWIFT_OPTIMIZATION_LEVEL = "-Onone";
			};
			name = Debug;
		};
		5E8824881D0AE914003DA3DF /* Release */ = {
			isa = XCBuildConfiguration;
			buildSettings = {
				ALWAYS_SEARCH_USER_PATHS = NO;
				CLANG_CXX_LANGUAGE_STANDARD = "gnu++0x";
				CLANG_CXX_LIBRARY = "libc++";
				CLANG_ENABLE_MODULES = YES;
				CLANG_ENABLE_OBJC_ARC = YES;
				CLANG_WARN_BOOL_CONVERSION = YES;
				CLANG_WARN_CONSTANT_CONVERSION = YES;
				CLANG_WARN_DIRECT_OBJC_ISA_USAGE = YES_ERROR;
				CLANG_WARN_EMPTY_BODY = YES;
				CLANG_WARN_ENUM_CONVERSION = YES;
				CLANG_WARN_INT_CONVERSION = YES;
				CLANG_WARN_OBJC_ROOT_CLASS = YES_ERROR;
				CLANG_WARN_UNREACHABLE_CODE = YES;
				CLANG_WARN__DUPLICATE_METHOD_MATCH = YES;
				"CODE_SIGN_IDENTITY[sdk=iphoneos*]" = "iPhone Developer";
				COPY_PHASE_STRIP = NO;
				DEBUG_INFORMATION_FORMAT = "dwarf-with-dsym";
				ENABLE_NS_ASSERTIONS = NO;
				ENABLE_STRICT_OBJC_MSGSEND = YES;
				GCC_C_LANGUAGE_STANDARD = gnu99;
				GCC_NO_COMMON_BLOCKS = YES;
				GCC_WARN_64_TO_32_BIT_CONVERSION = YES;
				GCC_WARN_ABOUT_RETURN_TYPE = YES_ERROR;
				GCC_WARN_UNDECLARED_SELECTOR = YES;
				GCC_WARN_UNINITIALIZED_AUTOS = YES_AGGRESSIVE;
				GCC_WARN_UNUSED_FUNCTION = YES;
				GCC_WARN_UNUSED_VARIABLE = YES;
				IPHONEOS_DEPLOYMENT_TARGET = 9.2;
				MTL_ENABLE_DEBUG_INFO = NO;
				SDKROOT = iphoneos;
				VALIDATE_PRODUCT = YES;
			};
			name = Release;
		};
		5E88248A1D0AE914003DA3DF /* Debug */ = {
			isa = XCBuildConfiguration;
			buildSettings = {
				ASSETCATALOG_COMPILER_APPICON_NAME = AppIcon;
				INFOPLIST_FILE = "Audio Sample/Info.plist";
				LD_RUNPATH_SEARCH_PATHS = "$(inherited) @executable_path/Frameworks";
				PRODUCT_BUNDLE_IDENTIFIER = "com.saturnmob.Audio-Sample";
				PRODUCT_NAME = "$(TARGET_NAME)";
			};
			name = Debug;
		};
		5E88248B1D0AE914003DA3DF /* Release */ = {
			isa = XCBuildConfiguration;
			buildSettings = {
				ASSETCATALOG_COMPILER_APPICON_NAME = AppIcon;
				INFOPLIST_FILE = "Audio Sample/Info.plist";
				LD_RUNPATH_SEARCH_PATHS = "$(inherited) @executable_path/Frameworks";
				PRODUCT_BUNDLE_IDENTIFIER = "com.saturnmob.Audio-Sample";
				PRODUCT_NAME = "$(TARGET_NAME)";
			};
			name = Release;
		};
/* End XCBuildConfiguration section */

/* Begin XCConfigurationList section */
		5E8824721D0AE914003DA3DF /* Build configuration list for PBXProject "Audio Sample" */ = {
			isa = XCConfigurationList;
			buildConfigurations = (
				5E8824871D0AE914003DA3DF /* Debug */,
				5E8824881D0AE914003DA3DF /* Release */,
			);
			defaultConfigurationIsVisible = 0;
			defaultConfigurationName = Release;
		};
		5E8824891D0AE914003DA3DF /* Build configuration list for PBXNativeTarget "Audio Sample" */ = {
			isa = XCConfigurationList;
			buildConfigurations = (
				5E88248A1D0AE914003DA3DF /* Debug */,
				5E88248B1D0AE914003DA3DF /* Release */,
			);
			defaultConfigurationIsVisible = 0;
		};
/* End XCConfigurationList section */
	};
	rootObject = 5E88246F1D0AE914003DA3DF /* Project object */;
}
